
Microsoft Visual Studio Solution File, Format Version 12.00
# Visual Studio Version 16
VisualStudioVersion = 16.0.30711.63
MinimumVisualStudioVersion = 10.0.40219.1
Project("{FAE04EC0-301F-11D3-BF4B-00C04F79EFBC}") = "proiectDAW", "proiectDAW\proiectDAW.csproj", "{5DB386DB-52EE-4764-A386-A343BAEB5B44}"
EndProject
Global
	GlobalSection(SolutionConfigurationPlatforms) = preSolution
		Debug|Any CPU = Debug|Any CPU
		Release|Any CPU = Release|Any CPU
	EndGlobalSection
	GlobalSection(ProjectConfigurationPlatforms) = postSolution
		{5DB386DB-52EE-4764-A386-A343BAEB5B44}.Debug|Any CPU.ActiveCfg = Debug|Any CPU
		{5DB386DB-52EE-4764-A386-A343BAEB5B44}.Debug|Any CPU.Build.0 = Debug|Any CPU
		{5DB386DB-52EE-4764-A386-A343BAEB5B44}.Release|Any CPU.ActiveCfg = Release|Any CPU
		{5DB386DB-52EE-4764-A386-A343BAEB5B44}.Release|Any CPU.Build.0 = Release|Any CPU
	EndGlobalSection
	GlobalSection(SolutionProperties) = preSolution
		HideSolutionNode = FALSE
	EndGlobalSection
	GlobalSection(ExtensibilityGlobals) = postSolution
		SolutionGuid = {32B9071C-D45F-48F7-9E73-E61D8203EFAD}
	EndGlobalSection
EndGlobal
